// !$*UTF8*$!
{
	archiveVersion = 1;
	classes = {
	};
	objectVersion = 48;
	objects = {

/* Begin PBXBuildFile section */
		1447F6CF1587BEAF0977ED0B /* Pods_m4LoginRegTests.framework in Frameworks */ = {isa = PBXBuildFile; fileRef = AC898CB0049C7DA0F265025F /* Pods_m4LoginRegTests.framework */; };
		551198ED202CF4450045D950 /* AppDelegate.swift in Sources */ = {isa = PBXBuildFile; fileRef = 551198EC202CF4450045D950 /* AppDelegate.swift */; };
		551198EF202CF4450045D950 /* ViewController.swift in Sources */ = {isa = PBXBuildFile; fileRef = 551198EE202CF4450045D950 /* ViewController.swift */; };
		551198F2202CF4450045D950 /* Main.storyboard in Resources */ = {isa = PBXBuildFile; fileRef = 551198F0202CF4450045D950 /* Main.storyboard */; };
		551198F4202CF4450045D950 /* Assets.xcassets in Resources */ = {isa = PBXBuildFile; fileRef = 551198F3202CF4450045D950 /* Assets.xcassets */; };
		551198F7202CF4450045D950 /* LaunchScreen.storyboard in Resources */ = {isa = PBXBuildFile; fileRef = 551198F5202CF4450045D950 /* LaunchScreen.storyboard */; };
		55119902202CF4450045D950 /* m4LoginRegTests.swift in Sources */ = {isa = PBXBuildFile; fileRef = 55119901202CF4450045D950 /* m4LoginRegTests.swift */; };
		5511990D202CF4450045D950 /* m4LoginRegUITests.swift in Sources */ = {isa = PBXBuildFile; fileRef = 5511990C202CF4450045D950 /* m4LoginRegUITests.swift */; };
		5511991B202CFFB60045D950 /* loginViewController.swift in Sources */ = {isa = PBXBuildFile; fileRef = 5511991A202CFFB60045D950 /* loginViewController.swift */; };
		5511991D202D00020045D950 /* registrationViewController.swift in Sources */ = {isa = PBXBuildFile; fileRef = 5511991C202D00020045D950 /* registrationViewController.swift */; };
		559075A1203CE42B00BC85F4 /* registrationSecondFile.swift in Sources */ = {isa = PBXBuildFile; fileRef = 5552017A2034C52F006BBD4D /* registrationSecondFile.swift */; };
		D3BD2E5AC7C6943F17B52534 /* Pods_m4LoginReg.framework in Frameworks */ = {isa = PBXBuildFile; fileRef = 43521BEBFC80BA607EBAD719 /* Pods_m4LoginReg.framework */; };
		FB376EDF223F42C46FF0405D /* Pods_m4LoginRegUITests.framework in Frameworks */ = {isa = PBXBuildFile; fileRef = 4AC1AA050016D4655E6F0FF0 /* Pods_m4LoginRegUITests.framework */; };
/* End PBXBuildFile section */

/* Begin PBXContainerItemProxy section */
		551198FE202CF4450045D950 /* PBXContainerItemProxy */ = {
			isa = PBXContainerItemProxy;
			containerPortal = 551198E1202CF4440045D950 /* Project object */;
			proxyType = 1;
			remoteGlobalIDString = 551198E8202CF4440045D950;
			remoteInfo = m4LoginReg;
		};
		55119909202CF4450045D950 /* PBXContainerItemProxy */ = {
			isa = PBXContainerItemProxy;
			containerPortal = 551198E1202CF4440045D950 /* Project object */;
			proxyType = 1;
			remoteGlobalIDString = 551198E8202CF4440045D950;
			remoteInfo = m4LoginReg;
		};
/* End PBXContainerItemProxy section */

/* Begin PBXFileReference section */
		0236CF8B6C630F393B9C0BA3 /* Pods-m4LoginRegTests.release.xcconfig */ = {isa = PBXFileReference; includeInIndex = 1; lastKnownFileType = text.xcconfig; name = "Pods-m4LoginRegTests.release.xcconfig"; path = "Pods/Target Support Files/Pods-m4LoginRegTests/Pods-m4LoginRegTests.release.xcconfig"; sourceTree = "<group>"; };
		204C6697CF7BDE0843779874 /* Pods-m4LoginRegUITests.debug.xcconfig */ = {isa = PBXFileReference; includeInIndex = 1; lastKnownFileType = text.xcconfig; name = "Pods-m4LoginRegUITests.debug.xcconfig"; path = "Pods/Target Support Files/Pods-m4LoginRegUITests/Pods-m4LoginRegUITests.debug.xcconfig"; sourceTree = "<group>"; };
		2F10FD91F55F31D32ECEBDFA /* Pods-m4LoginRegTests.debug.xcconfig */ = {isa = PBXFileReference; includeInIndex = 1; lastKnownFileType = text.xcconfig; name = "Pods-m4LoginRegTests.debug.xcconfig"; path = "Pods/Target Support Files/Pods-m4LoginRegTests/Pods-m4LoginRegTests.debug.xcconfig"; sourceTree = "<group>"; };
		36192AD1C8DA566571C66F80 /* Pods-m4LoginReg.debug.xcconfig */ = {isa = PBXFileReference; includeInIndex = 1; lastKnownFileType = text.xcconfig; name = "Pods-m4LoginReg.debug.xcconfig"; path = "Pods/Target Support Files/Pods-m4LoginReg/Pods-m4LoginReg.debug.xcconfig"; sourceTree = "<group>"; };
		43521BEBFC80BA607EBAD719 /* Pods_m4LoginReg.framework */ = {isa = PBXFileReference; explicitFileType = wrapper.framework; includeInIndex = 0; path = Pods_m4LoginReg.framework; sourceTree = BUILT_PRODUCTS_DIR; };
		4AC1AA050016D4655E6F0FF0 /* Pods_m4LoginRegUITests.framework */ = {isa = PBXFileReference; explicitFileType = wrapper.framework; includeInIndex = 0; path = Pods_m4LoginRegUITests.framework; sourceTree = BUILT_PRODUCTS_DIR; };
		551198E9202CF4450045D950 /* m4LoginReg.app */ = {isa = PBXFileReference; explicitFileType = wrapper.application; includeInIndex = 0; path = m4LoginReg.app; sourceTree = BUILT_PRODUCTS_DIR; };
		551198EC202CF4450045D950 /* AppDelegate.swift */ = {isa = PBXFileReference; lastKnownFileType = sourcecode.swift; path = AppDelegate.swift; sourceTree = "<group>"; };
		551198EE202CF4450045D950 /* ViewController.swift */ = {isa = PBXFileReference; lastKnownFileType = sourcecode.swift; path = ViewController.swift; sourceTree = "<group>"; };
		551198F1202CF4450045D950 /* Base */ = {isa = PBXFileReference; lastKnownFileType = file.storyboard; name = Base; path = Base.lproj/Main.storyboard; sourceTree = "<group>"; };
		551198F3202CF4450045D950 /* Assets.xcassets */ = {isa = PBXFileReference; lastKnownFileType = folder.assetcatalog; path = Assets.xcassets; sourceTree = "<group>"; };
		551198F6202CF4450045D950 /* Base */ = {isa = PBXFileReference; lastKnownFileType = file.storyboard; name = Base; path = Base.lproj/LaunchScreen.storyboard; sourceTree = "<group>"; };
		551198F8202CF4450045D950 /* Info.plist */ = {isa = PBXFileReference; lastKnownFileType = text.plist.xml; path = Info.plist; sourceTree = "<group>"; };
		551198FD202CF4450045D950 /* m4LoginRegTests.xctest */ = {isa = PBXFileReference; explicitFileType = wrapper.cfbundle; includeInIndex = 0; path = m4LoginRegTests.xctest; sourceTree = BUILT_PRODUCTS_DIR; };
		55119901202CF4450045D950 /* m4LoginRegTests.swift */ = {isa = PBXFileReference; lastKnownFileType = sourcecode.swift; path = m4LoginRegTests.swift; sourceTree = "<group>"; };
		55119903202CF4450045D950 /* Info.plist */ = {isa = PBXFileReference; lastKnownFileType = text.plist.xml; path = Info.plist; sourceTree = "<group>"; };
		55119908202CF4450045D950 /* m4LoginRegUITests.xctest */ = {isa = PBXFileReference; explicitFileType = wrapper.cfbundle; includeInIndex = 0; path = m4LoginRegUITests.xctest; sourceTree = BUILT_PRODUCTS_DIR; };
		5511990C202CF4450045D950 /* m4LoginRegUITests.swift */ = {isa = PBXFileReference; lastKnownFileType = sourcecode.swift; path = m4LoginRegUITests.swift; sourceTree = "<group>"; };
		5511990E202CF4450045D950 /* Info.plist */ = {isa = PBXFileReference; lastKnownFileType = text.plist.xml; path = Info.plist; sourceTree = "<group>"; };
		5511991A202CFFB60045D950 /* loginViewController.swift */ = {isa = PBXFileReference; lastKnownFileType = sourcecode.swift; path = loginViewController.swift; sourceTree = "<group>"; };
		5511991C202D00020045D950 /* registrationViewController.swift */ = {isa = PBXFileReference; lastKnownFileType = sourcecode.swift; path = registrationViewController.swift; sourceTree = "<group>"; };
		5552017A2034C52F006BBD4D /* registrationSecondFile.swift */ = {isa = PBXFileReference; lastKnownFileType = sourcecode.swift; path = registrationSecondFile.swift; sourceTree = "<group>"; };
		5FBE13F8E318956E22D74EDE /* Pods-m4LoginRegUITests.release.xcconfig */ = {isa = PBXFileReference; includeInIndex = 1; lastKnownFileType = text.xcconfig; name = "Pods-m4LoginRegUITests.release.xcconfig"; path = "Pods/Target Support Files/Pods-m4LoginRegUITests/Pods-m4LoginRegUITests.release.xcconfig"; sourceTree = "<group>"; };
		7BC868F7F42104124D1EBCF6 /* Pods-m4LoginReg.release.xcconfig */ = {isa = PBXFileReference; includeInIndex = 1; lastKnownFileType = text.xcconfig; name = "Pods-m4LoginReg.release.xcconfig"; path = "Pods/Target Support Files/Pods-m4LoginReg/Pods-m4LoginReg.release.xcconfig"; sourceTree = "<group>"; };
		AC898CB0049C7DA0F265025F /* Pods_m4LoginRegTests.framework */ = {isa = PBXFileReference; explicitFileType = wrapper.framework; includeInIndex = 0; path = Pods_m4LoginRegTests.framework; sourceTree = BUILT_PRODUCTS_DIR; };
/* End PBXFileReference section */

/* Begin PBXFrameworksBuildPhase section */
		551198E6202CF4440045D950 /* Frameworks */ = {
			isa = PBXFrameworksBuildPhase;
			buildActionMask = 2147483647;
			files = (
				D3BD2E5AC7C6943F17B52534 /* Pods_m4LoginReg.framework in Frameworks */,
			);
			runOnlyForDeploymentPostprocessing = 0;
		};
		551198FA202CF4450045D950 /* Frameworks */ = {
			isa = PBXFrameworksBuildPhase;
			buildActionMask = 2147483647;
			files = (
				1447F6CF1587BEAF0977ED0B /* Pods_m4LoginRegTests.framework in Frameworks */,
			);
			runOnlyForDeploymentPostprocessing = 0;
		};
		55119905202CF4450045D950 /* Frameworks */ = {
			isa = PBXFrameworksBuildPhase;
			buildActionMask = 2147483647;
			files = (
				FB376EDF223F42C46FF0405D /* Pods_m4LoginRegUITests.framework in Frameworks */,
			);
			runOnlyForDeploymentPostprocessing = 0;
		};
/* End PBXFrameworksBuildPhase section */

/* Begin PBXGroup section */
		551198E0202CF4440045D950 = {
			isa = PBXGroup;
			children = (
				551198EB202CF4450045D950 /* m4LoginReg */,
				55119900202CF4450045D950 /* m4LoginRegTests */,
				5511990B202CF4450045D950 /* m4LoginRegUITests */,
				551198EA202CF4450045D950 /* Products */,
				821C948CC17FC22ED89CBBE8 /* Pods */,
				B805301C838B1E535B987CCB /* Frameworks */,
			);
			sourceTree = "<group>";
		};
		551198EA202CF4450045D950 /* Products */ = {
			isa = PBXGroup;
			children = (
				551198E9202CF4450045D950 /* m4LoginReg.app */,
				551198FD202CF4450045D950 /* m4LoginRegTests.xctest */,
				55119908202CF4450045D950 /* m4LoginRegUITests.xctest */,
			);
			name = Products;
			sourceTree = "<group>";
		};
		551198EB202CF4450045D950 /* m4LoginReg */ = {
			isa = PBXGroup;
			children = (
				551198EC202CF4450045D950 /* AppDelegate.swift */,
				551198EE202CF4450045D950 /* ViewController.swift */,
				5511991C202D00020045D950 /* registrationViewController.swift */,
				551198F0202CF4450045D950 /* Main.storyboard */,
				5552017A2034C52F006BBD4D /* registrationSecondFile.swift */,
				5511991A202CFFB60045D950 /* loginViewController.swift */,
				551198F3202CF4450045D950 /* Assets.xcassets */,
				551198F5202CF4450045D950 /* LaunchScreen.storyboard */,
				551198F8202CF4450045D950 /* Info.plist */,
			);
			path = m4LoginReg;
			sourceTree = "<group>";
		};
		55119900202CF4450045D950 /* m4LoginRegTests */ = {
			isa = PBXGroup;
			children = (
				55119901202CF4450045D950 /* m4LoginRegTests.swift */,
				55119903202CF4450045D950 /* Info.plist */,
			);
			path = m4LoginRegTests;
			sourceTree = "<group>";
		};
		5511990B202CF4450045D950 /* m4LoginRegUITests */ = {
			isa = PBXGroup;
			children = (
				5511990C202CF4450045D950 /* m4LoginRegUITests.swift */,
				5511990E202CF4450045D950 /* Info.plist */,
			);
			path = m4LoginRegUITests;
			sourceTree = "<group>";
		};
		821C948CC17FC22ED89CBBE8 /* Pods */ = {
			isa = PBXGroup;
			children = (
				36192AD1C8DA566571C66F80 /* Pods-m4LoginReg.debug.xcconfig */,
				7BC868F7F42104124D1EBCF6 /* Pods-m4LoginReg.release.xcconfig */,
				2F10FD91F55F31D32ECEBDFA /* Pods-m4LoginRegTests.debug.xcconfig */,
				0236CF8B6C630F393B9C0BA3 /* Pods-m4LoginRegTests.release.xcconfig */,
				204C6697CF7BDE0843779874 /* Pods-m4LoginRegUITests.debug.xcconfig */,
				5FBE13F8E318956E22D74EDE /* Pods-m4LoginRegUITests.release.xcconfig */,
			);
			name = Pods;
			sourceTree = "<group>";
		};
		B805301C838B1E535B987CCB /* Frameworks */ = {
			isa = PBXGroup;
			children = (
				43521BEBFC80BA607EBAD719 /* Pods_m4LoginReg.framework */,
				AC898CB0049C7DA0F265025F /* Pods_m4LoginRegTests.framework */,
				4AC1AA050016D4655E6F0FF0 /* Pods_m4LoginRegUITests.framework */,
			);
			name = Frameworks;
			sourceTree = "<group>";
		};
/* End PBXGroup section */

/* Begin PBXNativeTarget section */
		551198E8202CF4440045D950 /* m4LoginReg */ = {
			isa = PBXNativeTarget;
			buildConfigurationList = 55119911202CF4450045D950 /* Build configuration list for PBXNativeTarget "m4LoginReg" */;
			buildPhases = (
				0EF5C6D0BFF14CE710D1B586 /* [CP] Check Pods Manifest.lock */,
				551198E5202CF4440045D950 /* Sources */,
				551198E6202CF4440045D950 /* Frameworks */,
				551198E7202CF4440045D950 /* Resources */,
				062890A7F9C52962F3FCF098 /* [CP] Embed Pods Frameworks */,
				0AF8DDAC1A21CBD9C7E77FE0 /* [CP] Copy Pods Resources */,
			);
			buildRules = (
			);
			dependencies = (
			);
			name = m4LoginReg;
			productName = m4LoginReg;
			productReference = 551198E9202CF4450045D950 /* m4LoginReg.app */;
			productType = "com.apple.product-type.application";
		};
		551198FC202CF4450045D950 /* m4LoginRegTests */ = {
			isa = PBXNativeTarget;
			buildConfigurationList = 55119914202CF4450045D950 /* Build configuration list for PBXNativeTarget "m4LoginRegTests" */;
			buildPhases = (
				BE753170BDA880A4B3899991 /* [CP] Check Pods Manifest.lock */,
				551198F9202CF4450045D950 /* Sources */,
				551198FA202CF4450045D950 /* Frameworks */,
				551198FB202CF4450045D950 /* Resources */,
				D18C86C303563BC423F54633 /* [CP] Embed Pods Frameworks */,
				4C15D79A025AA4A58470B8CE /* [CP] Copy Pods Resources */,
			);
			buildRules = (
			);
			dependencies = (
				551198FF202CF4450045D950 /* PBXTargetDependency */,
			);
			name = m4LoginRegTests;
			productName = m4LoginRegTests;
			productReference = 551198FD202CF4450045D950 /* m4LoginRegTests.xctest */;
			productType = "com.apple.product-type.bundle.unit-test";
		};
		55119907202CF4450045D950 /* m4LoginRegUITests */ = {
			isa = PBXNativeTarget;
			buildConfigurationList = 55119917202CF4450045D950 /* Build configuration list for PBXNativeTarget "m4LoginRegUITests" */;
			buildPhases = (
				D99384453AAAC1623C633CB4 /* [CP] Check Pods Manifest.lock */,
				55119904202CF4450045D950 /* Sources */,
				55119905202CF4450045D950 /* Frameworks */,
				55119906202CF4450045D950 /* Resources */,
				4885FFB7C7083A64EC1F90BA /* [CP] Embed Pods Frameworks */,
				430730488D017D2B57C4FBC5 /* [CP] Copy Pods Resources */,
			);
			buildRules = (
			);
			dependencies = (
				5511990A202CF4450045D950 /* PBXTargetDependency */,
			);
			name = m4LoginRegUITests;
			productName = m4LoginRegUITests;
			productReference = 55119908202CF4450045D950 /* m4LoginRegUITests.xctest */;
			productType = "com.apple.product-type.bundle.ui-testing";
		};
/* End PBXNativeTarget section */

/* Begin PBXProject section */
		551198E1202CF4440045D950 /* Project object */ = {
			isa = PBXProject;
			attributes = {
				LastSwiftUpdateCheck = 0920;
				LastUpgradeCheck = 0920;
				ORGANIZATIONNAME = "Krrish Dholakia";
				TargetAttributes = {
					551198E8202CF4440045D950 = {
						CreatedOnToolsVersion = 9.2;
						ProvisioningStyle = Automatic;
					};
					551198FC202CF4450045D950 = {
						CreatedOnToolsVersion = 9.2;
						ProvisioningStyle = Automatic;
						TestTargetID = 551198E8202CF4440045D950;
					};
					55119907202CF4450045D950 = {
						CreatedOnToolsVersion = 9.2;
						ProvisioningStyle = Automatic;
						TestTargetID = 551198E8202CF4440045D950;
					};
				};
			};
			buildConfigurationList = 551198E4202CF4440045D950 /* Build configuration list for PBXProject "m4LoginReg" */;
			compatibilityVersion = "Xcode 8.0";
			developmentRegion = en;
			hasScannedForEncodings = 0;
			knownRegions = (
				en,
				Base,
			);
			mainGroup = 551198E0202CF4440045D950;
			productRefGroup = 551198EA202CF4450045D950 /* Products */;
			projectDirPath = "";
			projectRoot = "";
			targets = (
				551198E8202CF4440045D950 /* m4LoginReg */,
				551198FC202CF4450045D950 /* m4LoginRegTests */,
				55119907202CF4450045D950 /* m4LoginRegUITests */,
			);
		};
/* End PBXProject section */

/* Begin PBXResourcesBuildPhase section */
		551198E7202CF4440045D950 /* Resources */ = {
			isa = PBXResourcesBuildPhase;
			buildActionMask = 2147483647;
			files = (
				551198F7202CF4450045D950 /* LaunchScreen.storyboard in Resources */,
				551198F4202CF4450045D950 /* Assets.xcassets in Resources */,
				551198F2202CF4450045D950 /* Main.storyboard in Resources */,
			);
			runOnlyForDeploymentPostprocessing = 0;
		};
		551198FB202CF4450045D950 /* Resources */ = {
			isa = PBXResourcesBuildPhase;
			buildActionMask = 2147483647;
			files = (
			);
			runOnlyForDeploymentPostprocessing = 0;
		};
		55119906202CF4450045D950 /* Resources */ = {
			isa = PBXResourcesBuildPhase;
			buildActionMask = 2147483647;
			files = (
			);
			runOnlyForDeploymentPostprocessing = 0;
		};
/* End PBXResourcesBuildPhase section */

/* Begin PBXShellScriptBuildPhase section */
		062890A7F9C52962F3FCF098 /* [CP] Embed Pods Frameworks */ = {
			isa = PBXShellScriptBuildPhase;
			buildActionMask = 2147483647;
			files = (
			);
			inputPaths = (
				"${SRCROOT}/Pods/Target Support Files/Pods-m4LoginReg/Pods-m4LoginReg-frameworks.sh",
				"${BUILT_PRODUCTS_DIR}/Alamofire/Alamofire.framework",
			);
			name = "[CP] Embed Pods Frameworks";
			outputPaths = (
				"${TARGET_BUILD_DIR}/${FRAMEWORKS_FOLDER_PATH}/Alamofire.framework",
			);
			runOnlyForDeploymentPostprocessing = 0;
			shellPath = /bin/sh;
			shellScript = "\"${SRCROOT}/Pods/Target Support Files/Pods-m4LoginReg/Pods-m4LoginReg-frameworks.sh\"\n";
			showEnvVarsInLog = 0;
		};
		0AF8DDAC1A21CBD9C7E77FE0 /* [CP] Copy Pods Resources */ = {
			isa = PBXShellScriptBuildPhase;
			buildActionMask = 2147483647;
			files = (
			);
			inputPaths = (
			);
			name = "[CP] Copy Pods Resources";
			outputPaths = (
			);
			runOnlyForDeploymentPostprocessing = 0;
			shellPath = /bin/sh;
			shellScript = "\"${SRCROOT}/Pods/Target Support Files/Pods-m4LoginReg/Pods-m4LoginReg-resources.sh\"\n";
			showEnvVarsInLog = 0;
		};
		0EF5C6D0BFF14CE710D1B586 /* [CP] Check Pods Manifest.lock */ = {
			isa = PBXShellScriptBuildPhase;
			buildActionMask = 2147483647;
			files = (
			);
			inputPaths = (
				"${PODS_PODFILE_DIR_PATH}/Podfile.lock",
				"${PODS_ROOT}/Manifest.lock",
			);
			name = "[CP] Check Pods Manifest.lock";
			outputPaths = (
				"$(DERIVED_FILE_DIR)/Pods-m4LoginReg-checkManifestLockResult.txt",
			);
			runOnlyForDeploymentPostprocessing = 0;
			shellPath = /bin/sh;
			shellScript = "diff \"${PODS_PODFILE_DIR_PATH}/Podfile.lock\" \"${PODS_ROOT}/Manifest.lock\" > /dev/null\nif [ $? != 0 ] ; then\n    # print error to STDERR\n    echo \"error: The sandbox is not in sync with the Podfile.lock. Run 'pod install' or update your CocoaPods installation.\" >&2\n    exit 1\nfi\n# This output is used by Xcode 'outputs' to avoid re-running this script phase.\necho \"SUCCESS\" > \"${SCRIPT_OUTPUT_FILE_0}\"\n";
			showEnvVarsInLog = 0;
		};
		430730488D017D2B57C4FBC5 /* [CP] Copy Pods Resources */ = {
			isa = PBXShellScriptBuildPhase;
			buildActionMask = 2147483647;
			files = (
			);
			inputPaths = (
			);
			name = "[CP] Copy Pods Resources";
			outputPaths = (
			);
			runOnlyForDeploymentPostprocessing = 0;
			shellPath = /bin/sh;
			shellScript = "\"${SRCROOT}/Pods/Target Support Files/Pods-m4LoginRegUITests/Pods-m4LoginRegUITests-resources.sh\"\n";
			showEnvVarsInLog = 0;
		};
		4885FFB7C7083A64EC1F90BA /* [CP] Embed Pods Frameworks */ = {
			isa = PBXShellScriptBuildPhase;
			buildActionMask = 2147483647;
			files = (
			);
			inputPaths = (
			);
			name = "[CP] Embed Pods Frameworks";
			outputPaths = (
			);
			runOnlyForDeploymentPostprocessing = 0;
			shellPath = /bin/sh;
			shellScript = "\"${SRCROOT}/Pods/Target Support Files/Pods-m4LoginRegUITests/Pods-m4LoginRegUITests-frameworks.sh\"\n";
			showEnvVarsInLog = 0;
		};
		4C15D79A025AA4A58470B8CE /* [CP] Copy Pods Resources */ = {
			isa = PBXShellScriptBuildPhase;
			buildActionMask = 2147483647;
			files = (
			);
			inputPaths = (
			);
			name = "[CP] Copy Pods Resources";
			outputPaths = (
			);
			runOnlyForDeploymentPostprocessing = 0;
			shellPath = /bin/sh;
			shellScript = "\"${SRCROOT}/Pods/Target Support Files/Pods-m4LoginRegTests/Pods-m4LoginRegTests-resources.sh\"\n";
			showEnvVarsInLog = 0;
		};
		BE753170BDA880A4B3899991 /* [CP] Check Pods Manifest.lock */ = {
			isa = PBXShellScriptBuildPhase;
			buildActionMask = 2147483647;
			files = (
			);
			inputPaths = (
				"${PODS_PODFILE_DIR_PATH}/Podfile.lock",
				"${PODS_ROOT}/Manifest.lock",
			);
			name = "[CP] Check Pods Manifest.lock";
			outputPaths = (
				"$(DERIVED_FILE_DIR)/Pods-m4LoginRegTests-checkManifestLockResult.txt",
			);
			runOnlyForDeploymentPostprocessing = 0;
			shellPath = /bin/sh;
			shellScript = "diff \"${PODS_PODFILE_DIR_PATH}/Podfile.lock\" \"${PODS_ROOT}/Manifest.lock\" > /dev/null\nif [ $? != 0 ] ; then\n    # print error to STDERR\n    echo \"error: The sandbox is not in sync with the Podfile.lock. Run 'pod install' or update your CocoaPods installation.\" >&2\n    exit 1\nfi\n# This output is used by Xcode 'outputs' to avoid re-running this script phase.\necho \"SUCCESS\" > \"${SCRIPT_OUTPUT_FILE_0}\"\n";
			showEnvVarsInLog = 0;
		};
		D18C86C303563BC423F54633 /* [CP] Embed Pods Frameworks */ = {
			isa = PBXShellScriptBuildPhase;
			buildActionMask = 2147483647;
			files = (
			);
			inputPaths = (
			);
			name = "[CP] Embed Pods Frameworks";
			outputPaths = (
			);
			runOnlyForDeploymentPostprocessing = 0;
			shellPath = /bin/sh;
			shellScript = "\"${SRCROOT}/Pods/Target Support Files/Pods-m4LoginRegTests/Pods-m4LoginRegTests-frameworks.sh\"\n";
			showEnvVarsInLog = 0;
		};
		D99384453AAAC1623C633CB4 /* [CP] Check Pods Manifest.lock */ = {
			isa = PBXShellScriptBuildPhase;
			buildActionMask = 2147483647;
			files = (
			);
			inputPaths = (
				"${PODS_PODFILE_DIR_PATH}/Podfile.lock",
				"${PODS_ROOT}/Manifest.lock",
			);
			name = "[CP] Check Pods Manifest.lock";
			outputPaths = (
				"$(DERIVED_FILE_DIR)/Pods-m4LoginRegUITests-checkManifestLockResult.txt",
			);
			runOnlyForDeploymentPostprocessing = 0;
			shellPath = /bin/sh;
			shellScript = "diff \"${PODS_PODFILE_DIR_PATH}/Podfile.lock\" \"${PODS_ROOT}/Manifest.lock\" > /dev/null\nif [ $? != 0 ] ; then\n    # print error to STDERR\n    echo \"error: The sandbox is not in sync with the Podfile.lock. Run 'pod install' or update your CocoaPods installation.\" >&2\n    exit 1\nfi\n# This output is used by Xcode 'outputs' to avoid re-running this script phase.\necho \"SUCCESS\" > \"${SCRIPT_OUTPUT_FILE_0}\"\n";
			showEnvVarsInLog = 0;
		};
/* End PBXShellScriptBuildPhase section */

/* Begin PBXSourcesBuildPhase section */
		551198E5202CF4440045D950 /* Sources */ = {
			isa = PBXSourcesBuildPhase;
			buildActionMask = 2147483647;
			files = (
				551198EF202CF4450045D950 /* ViewController.swift in Sources */,
				551198ED202CF4450045D950 /* AppDelegate.swift in Sources */,
				5511991D202D00020045D950 /* registrationViewController.swift in Sources */,
				559075A1203CE42B00BC85F4 /* registrationSecondFile.swift in Sources */,
				5511991B202CFFB60045D950 /* loginViewController.swift in Sources */,
			);
			runOnlyForDeploymentPostprocessing = 0;
		};
		551198F9202CF4450045D950 /* Sources */ = {
			isa = PBXSourcesBuildPhase;
			buildActionMask = 2147483647;
			files = (
				55119902202CF4450045D950 /* m4LoginRegTests.swift in Sources */,
			);
			runOnlyForDeploymentPostprocessing = 0;
		};
		55119904202CF4450045D950 /* Sources */ = {
			isa = PBXSourcesBuildPhase;
			buildActionMask = 2147483647;
			files = (
				5511990D202CF4450045D950 /* m4LoginRegUITests.swift in Sources */,
			);
			runOnlyForDeploymentPostprocessing = 0;
		};
/* End PBXSourcesBuildPhase section */

/* Begin PBXTargetDependency section */
		551198FF202CF4450045D950 /* PBXTargetDependency */ = {
			isa = PBXTargetDependency;
			target = 551198E8202CF4440045D950 /* m4LoginReg */;
			targetProxy = 551198FE202CF4450045D950 /* PBXContainerItemProxy */;
		};
		5511990A202CF4450045D950 /* PBXTargetDependency */ = {
			isa = PBXTargetDependency;
			target = 551198E8202CF4440045D950 /* m4LoginReg */;
			targetProxy = 55119909202CF4450045D950 /* PBXContainerItemProxy */;
		};
/* End PBXTargetDependency section */

/* Begin PBXVariantGroup section */
		551198F0202CF4450045D950 /* Main.storyboard */ = {
			isa = PBXVariantGroup;
			children = (
				551198F1202CF4450045D950 /* Base */,
			);
			name = Main.storyboard;
			sourceTree = "<group>";
		};
		551198F5202CF4450045D950 /* LaunchScreen.storyboard */ = {
			isa = PBXVariantGroup;
			children = (
				551198F6202CF4450045D950 /* Base */,
			);
			name = LaunchScreen.storyboard;
			sourceTree = "<group>";
		};
/* End PBXVariantGroup section */

/* Begin XCBuildConfiguration section */
		5511990F202CF4450045D950 /* Debug */ = {
			isa = XCBuildConfiguration;
			buildSettings = {
				ALWAYS_SEARCH_USER_PATHS = NO;
				CLANG_ANALYZER_NONNULL = YES;
				CLANG_ANALYZER_NUMBER_OBJECT_CONVERSION = YES_AGGRESSIVE;
				CLANG_CXX_LANGUAGE_STANDARD = "gnu++14";
				CLANG_CXX_LIBRARY = "libc++";
				CLANG_ENABLE_MODULES = YES;
				CLANG_ENABLE_OBJC_ARC = YES;
				CLANG_WARN_BLOCK_CAPTURE_AUTORELEASING = YES;
				CLANG_WARN_BOOL_CONVERSION = YES;
				CLANG_WARN_COMMA = YES;
				CLANG_WARN_CONSTANT_CONVERSION = YES;
				CLANG_WARN_DIRECT_OBJC_ISA_USAGE = YES_ERROR;
				CLANG_WARN_DOCUMENTATION_COMMENTS = YES;
				CLANG_WARN_EMPTY_BODY = YES;
				CLANG_WARN_ENUM_CONVERSION = YES;
				CLANG_WARN_INFINITE_RECURSION = YES;
				CLANG_WARN_INT_CONVERSION = YES;
				CLANG_WARN_NON_LITERAL_NULL_CONVERSION = YES;
				CLANG_WARN_OBJC_LITERAL_CONVERSION = YES;
				CLANG_WARN_OBJC_ROOT_CLASS = YES_ERROR;
				CLANG_WARN_RANGE_LOOP_ANALYSIS = YES;
				CLANG_WARN_STRICT_PROTOTYPES = YES;
				CLANG_WARN_SUSPICIOUS_MOVE = YES;
				CLANG_WARN_UNGUARDED_AVAILABILITY = YES_AGGRESSIVE;
				CLANG_WARN_UNREACHABLE_CODE = YES;
				CLANG_WARN__DUPLICATE_METHOD_MATCH = YES;
				CODE_SIGN_IDENTITY = "iPhone Developer";
				COPY_PHASE_STRIP = NO;
				DEBUG_INFORMATION_FORMAT = dwarf;
				ENABLE_STRICT_OBJC_MSGSEND = YES;
				ENABLE_TESTABILITY = YES;
				GCC_C_LANGUAGE_STANDARD = gnu11;
				GCC_DYNAMIC_NO_PIC = NO;
				GCC_NO_COMMON_BLOCKS = YES;
				GCC_OPTIMIZATION_LEVEL = 0;
				GCC_PREPROCESSOR_DEFINITIONS = (
					"DEBUG=1",
					"$(inherited)",
				);
				GCC_WARN_64_TO_32_BIT_CONVERSION = YES;
				GCC_WARN_ABOUT_RETURN_TYPE = YES_ERROR;
				GCC_WARN_UNDECLARED_SELECTOR = YES;
				GCC_WARN_UNINITIALIZED_AUTOS = YES_AGGRESSIVE;
				GCC_WARN_UNUSED_FUNCTION = YES;
				GCC_WARN_UNUSED_VARIABLE = YES;
				IPHONEOS_DEPLOYMENT_TARGET = 11.2;
				MTL_ENABLE_DEBUG_INFO = YES;
				ONLY_ACTIVE_ARCH = YES;
				SDKROOT = iphoneos;
				SWIFT_ACTIVE_COMPILATION_CONDITIONS = DEBUG;
				SWIFT_OPTIMIZATION_LEVEL = "-Onone";
			};
			name = Debug;
		};
		55119910202CF4450045D950 /* Release */ = {
			isa = XCBuildConfiguration;
			buildSettings = {
				ALWAYS_SEARCH_USER_PATHS = NO;
				CLANG_ANALYZER_NONNULL = YES;
				CLANG_ANALYZER_NUMBER_OBJECT_CONVERSION = YES_AGGRESSIVE;
				CLANG_CXX_LANGUAGE_STANDARD = "gnu++14";
				CLANG_CXX_LIBRARY = "libc++";
				CLANG_ENABLE_MODULES = YES;
				CLANG_ENABLE_OBJC_ARC = YES;
				CLANG_WARN_BLOCK_CAPTURE_AUTORELEASING = YES;
				CLANG_WARN_BOOL_CONVERSION = YES;
				CLANG_WARN_COMMA = YES;
				CLANG_WARN_CONSTANT_CONVERSION = YES;
				CLANG_WARN_DIRECT_OBJC_ISA_USAGE = YES_ERROR;
				CLANG_WARN_DOCUMENTATION_COMMENTS = YES;
				CLANG_WARN_EMPTY_BODY = YES;
				CLANG_WARN_ENUM_CONVERSION = YES;
				CLANG_WARN_INFINITE_RECURSION = YES;
				CLANG_WARN_INT_CONVERSION = YES;
				CLANG_WARN_NON_LITERAL_NULL_CONVERSION = YES;
				CLANG_WARN_OBJC_LITERAL_CONVERSION = YES;
				CLANG_WARN_OBJC_ROOT_CLASS = YES_ERROR;
				CLANG_WARN_RANGE_LOOP_ANALYSIS = YES;
				CLANG_WARN_STRICT_PROTOTYPES = YES;
				CLANG_WARN_SUSPICIOUS_MOVE = YES;
				CLANG_WARN_UNGUARDED_AVAILABILITY = YES_AGGRESSIVE;
				CLANG_WARN_UNREACHABLE_CODE = YES;
				CLANG_WARN__DUPLICATE_METHOD_MATCH = YES;
				CODE_SIGN_IDENTITY = "iPhone Developer";
				COPY_PHASE_STRIP = NO;
				DEBUG_INFORMATION_FORMAT = "dwarf-with-dsym";
				ENABLE_NS_ASSERTIONS = NO;
				ENABLE_STRICT_OBJC_MSGSEND = YES;
				GCC_C_LANGUAGE_STANDARD = gnu11;
				GCC_NO_COMMON_BLOCKS = YES;
				GCC_WARN_64_TO_32_BIT_CONVERSION = YES;
				GCC_WARN_ABOUT_RETURN_TYPE = YES_ERROR;
				GCC_WARN_UNDECLARED_SELECTOR = YES;
				GCC_WARN_UNINITIALIZED_AUTOS = YES_AGGRESSIVE;
				GCC_WARN_UNUSED_FUNCTION = YES;
				GCC_WARN_UNUSED_VARIABLE = YES;
				IPHONEOS_DEPLOYMENT_TARGET = 11.2;
				MTL_ENABLE_DEBUG_INFO = NO;
				SDKROOT = iphoneos;
				SWIFT_OPTIMIZATION_LEVEL = "-Owholemodule";
				VALIDATE_PRODUCT = YES;
			};
			name = Release;
		};
		55119912202CF4450045D950 /* Debug */ = {
			isa = XCBuildConfiguration;
			baseConfigurationReference = 36192AD1C8DA566571C66F80 /* Pods-m4LoginReg.debug.xcconfig */;
			buildSettings = {
				ASSETCATALOG_COMPILER_APPICON_NAME = AppIcon;
				CODE_SIGN_STYLE = Automatic;
				DEVELOPMENT_TEAM = 823439UD45;
				INFOPLIST_FILE = m4LoginReg/Info.plist;
				LD_RUNPATH_SEARCH_PATHS = "$(inherited) @executable_path/Frameworks";
				PRODUCT_BUNDLE_IDENTIFIER = she17erDev.m4LoginReg;
				PRODUCT_NAME = "$(TARGET_NAME)";
				SWIFT_VERSION = 4.0;
				TARGETED_DEVICE_FAMILY = "1,2";
			};
			name = Debug;
		};
		55119913202CF4450045D950 /* Release */ = {
			isa = XCBuildConfiguration;
			baseConfigurationReference = 7BC868F7F42104124D1EBCF6 /* Pods-m4LoginReg.release.xcconfig */;
			buildSettings = {
				ASSETCATALOG_COMPILER_APPICON_NAME = AppIcon;
				CODE_SIGN_STYLE = Automatic;
				DEVELOPMENT_TEAM = 823439UD45;
				INFOPLIST_FILE = m4LoginReg/Info.plist;
				LD_RUNPATH_SEARCH_PATHS = "$(inherited) @executable_path/Frameworks";
				PRODUCT_BUNDLE_IDENTIFIER = she17erDev.m4LoginReg;
				PRODUCT_NAME = "$(TARGET_NAME)";
				SWIFT_VERSION = 4.0;
				TARGETED_DEVICE_FAMILY = "1,2";
			};
			name = Release;
		};
		55119915202CF4450045D950 /* Debug */ = {
			isa = XCBuildConfiguration;
			baseConfigurationReference = 2F10FD91F55F31D32ECEBDFA /* Pods-m4LoginRegTests.debug.xcconfig */;
			buildSettings = {
				ALWAYS_EMBED_SWIFT_STANDARD_LIBRARIES = YES;
				BUNDLE_LOADER = "$(TEST_HOST)";
				CODE_SIGN_STYLE = Automatic;
				DEVELOPMENT_TEAM = 823439UD45;
				INFOPLIST_FILE = m4LoginRegTests/Info.plist;
				LD_RUNPATH_SEARCH_PATHS = "$(inherited) @executable_path/Frameworks @loader_path/Frameworks";
				PRODUCT_BUNDLE_IDENTIFIER = she17erDev.m4LoginRegTests;
				PRODUCT_NAME = "$(TARGET_NAME)";
				SWIFT_VERSION = 4.0;
				TARGETED_DEVICE_FAMILY = "1,2";
				TEST_HOST = "$(BUILT_PRODUCTS_DIR)/m4LoginReg.app/m4LoginReg";
			};
			name = Debug;
		};
		55119916202CF4450045D950 /* Release */ = {
			isa = XCBuildConfiguration;
			baseConfigurationReference = 0236CF8B6C630F393B9C0BA3 /* Pods-m4LoginRegTests.release.xcconfig */;
			buildSettings = {
				ALWAYS_EMBED_SWIFT_STANDARD_LIBRARIES = YES;
				BUNDLE_LOADER = "$(TEST_HOST)";
				CODE_SIGN_STYLE = Automatic;
				DEVELOPMENT_TEAM = 823439UD45;
				INFOPLIST_FILE = m4LoginRegTests/Info.plist;
				LD_RUNPATH_SEARCH_PATHS = "$(inherited) @executable_path/Frameworks @loader_path/Frameworks";
				PRODUCT_BUNDLE_IDENTIFIER = she17erDev.m4LoginRegTests;
				PRODUCT_NAME = "$(TARGET_NAME)";
				SWIFT_VERSION = 4.0;
				TARGETED_DEVICE_FAMILY = "1,2";
				TEST_HOST = "$(BUILT_PRODUCTS_DIR)/m4LoginReg.app/m4LoginReg";
			};
			name = Release;
		};
		55119918202CF4450045D950 /* Debug */ = {
			isa = XCBuildConfiguration;
			baseConfigurationReference = 204C6697CF7BDE0843779874 /* Pods-m4LoginRegUITests.debug.xcconfig */;
			buildSettings = {
				ALWAYS_EMBED_SWIFT_STANDARD_LIBRARIES = YES;
				CODE_SIGN_STYLE = Automatic;
				DEVELOPMENT_TEAM = 823439UD45;
				INFOPLIST_FILE = m4LoginRegUITests/Info.plist;
				LD_RUNPATH_SEARCH_PATHS = "$(inherited) @executable_path/Frameworks @loader_path/Frameworks";
				PRODUCT_BUNDLE_IDENTIFIER = she17erDev.m4LoginRegUITests;
				PRODUCT_NAME = "$(TARGET_NAME)";
				SWIFT_VERSION = 4.0;
				TARGETED_DEVICE_FAMILY = "1,2";
				TEST_TARGET_NAME = m4LoginReg;
			};
			name = Debug;
		};
		55119919202CF4450045D950 /* Release */ = {
			isa = XCBuildConfiguration;
			baseConfigurationReference = 5FBE13F8E318956E22D74EDE /* Pods-m4LoginRegUITests.release.xcconfig */;
			buildSettings = {
				ALWAYS_EMBED_SWIFT_STANDARD_LIBRARIES = YES;
				CODE_SIGN_STYLE = Automatic;
				DEVELOPMENT_TEAM = 823439UD45;
				INFOPLIST_FILE = m4LoginRegUITests/Info.plist;
				LD_RUNPATH_SEARCH_PATHS = "$(inherited) @executable_path/Frameworks @loader_path/Frameworks";
				PRODUCT_BUNDLE_IDENTIFIER = she17erDev.m4LoginRegUITests;
				PRODUCT_NAME = "$(TARGET_NAME)";
				SWIFT_VERSION = 4.0;
				TARGETED_DEVICE_FAMILY = "1,2";
				TEST_TARGET_NAME = m4LoginReg;
			};
			name = Release;
		};
/* End XCBuildConfiguration section */

/* Begin XCConfigurationList section */
		551198E4202CF4440045D950 /* Build configuration list for PBXProject "m4LoginReg" */ = {
			isa = XCConfigurationList;
			buildConfigurations = (
				5511990F202CF4450045D950 /* Debug */,
				55119910202CF4450045D950 /* Release */,
			);
			defaultConfigurationIsVisible = 0;
			defaultConfigurationName = Release;
		};
		55119911202CF4450045D950 /* Build configuration list for PBXNativeTarget "m4LoginReg" */ = {
			isa = XCConfigurationList;
			buildConfigurations = (
				55119912202CF4450045D950 /* Debug */,
				55119913202CF4450045D950 /* Release */,
			);
			defaultConfigurationIsVisible = 0;
			defaultConfigurationName = Release;
		};
		55119914202CF4450045D950 /* Build configuration list for PBXNativeTarget "m4LoginRegTests" */ = {
			isa = XCConfigurationList;
			buildConfigurations = (
				55119915202CF4450045D950 /* Debug */,
				55119916202CF4450045D950 /* Release */,
			);
			defaultConfigurationIsVisible = 0;
			defaultConfigurationName = Release;
		};
		55119917202CF4450045D950 /* Build configuration list for PBXNativeTarget "m4LoginRegUITests" */ = {
			isa = XCConfigurationList;
			buildConfigurations = (
				55119918202CF4450045D950 /* Debug */,
				55119919202CF4450045D950 /* Release */,
			);
			defaultConfigurationIsVisible = 0;
			defaultConfigurationName = Release;
		};
/* End XCConfigurationList section */
	};
	rootObject = 551198E1202CF4440045D950 /* Project object */;
}
